{
  "nodes": {
    "nixpkgs": {
      "locked": {
        "lastModified": 1657502824,
        "narHash": "sha256-q/56TxABu/So0mqrCiOnl9mWHC10XinFtmOHy6UeStM=",
        "owner": "NixOS",
        "repo": "nixpkgs",
        "rev": "f904e3562aabca382d12f8471ca2330b3f82899a",
        "type": "github"
      },
      "original": {
        "id": "nixpkgs",
        "type": "indirect"
      }
    },
    "root": {
      "inputs": {
        "nixpkgs": "nixpkgs"
      }
    }
  },
  "root": "root",
  "version": 7
}
