{
  "nodes": {
    "nixpkgs": {
      "locked": {
        "lastModified": 1638484569,
        "narHash": "sha256-am6w/9sH9yK7EFYxqkM+KHiJYC2v+G6sLNdS2CwJBEk=",
        "owner": "NixOS",
        "repo": "nixpkgs",
        "rev": "0d03c4318bbdf7475fe3fc3dbbb38d75c06fb960",
        "type": "github"
      },
      "original": {
        "id": "nixpkgs",
        "type": "indirect"
      }
    },
    "root": {
      "inputs": {
        "nixpkgs": "nixpkgs"
      }
    }
  },
  "root": "root",
  "version": 7
}
